// !$*UTF8*$!
{
	archiveVersion = 1;
	classes = {
	};
	objectVersion = 50;
	objects = {

/* Begin PBXBuildFile section */
		1C3EBDA52129DBF100114045 /* Assets.xcassets in Resources */ = {isa = PBXBuildFile; fileRef = 1C3EBD9A2129DBF100114045 /* Assets.xcassets */; };
		1C3EBDA72129DBF100114045 /* LaunchScreen.storyboard in Resources */ = {isa = PBXBuildFile; fileRef = 1C3EBD9C2129DBF100114045 /* LaunchScreen.storyboard */; };
		1C3EBDA92129DBF100114045 /* AuthorInfoViewController.swift in Sources */ = {isa = PBXBuildFile; fileRef = 1C3EBDA02129DBF100114045 /* AuthorInfoViewController.swift */; };
		1C3EBDAB2129DBF100114045 /* AboutViewController.swift in Sources */ = {isa = PBXBuildFile; fileRef = 1C3EBDA22129DBF100114045 /* AboutViewController.swift */; };
		1C3EBDAC2129DBF100114045 /* Info.plist in Resources */ = {isa = PBXBuildFile; fileRef = 1C3EBDA32129DBF100114045 /* Info.plist */; };
		1C3EBDC92129F90400114045 /* BullsEye.html in Resources */ = {isa = PBXBuildFile; fileRef = 1C3EBDB12129F7A500114045 /* BullsEye.html */; };
		1C6F1B872127D25D001EE271 /* AppDelegate.swift in Sources */ = {isa = PBXBuildFile; fileRef = 1C6F1B862127D25D001EE271 /* AppDelegate.swift */; };
		1C6F1B892127D25D001EE271 /* ViewController.swift in Sources */ = {isa = PBXBuildFile; fileRef = 1C6F1B882127D25D001EE271 /* ViewController.swift */; };
		1C6F1B8C2127D25D001EE271 /* Main.storyboard in Resources */ = {isa = PBXBuildFile; fileRef = 1C6F1B8A2127D25D001EE271 /* Main.storyboard */; };
		1C6F1B9C2127D25D001EE271 /* BulllsEyeTests.swift in Sources */ = {isa = PBXBuildFile; fileRef = 1C6F1B9B2127D25D001EE271 /* BulllsEyeTests.swift */; };
/* End PBXBuildFile section */

/* Begin PBXContainerItemProxy section */
		1C6F1B982127D25D001EE271 /* PBXContainerItemProxy */ = {
			isa = PBXContainerItemProxy;
			containerPortal = 1C6F1B7B2127D25C001EE271 /* Project object */;
			proxyType = 1;
			remoteGlobalIDString = 1C6F1B822127D25D001EE271;
			remoteInfo = BulllsEye;
		};
/* End PBXContainerItemProxy section */

/* Begin PBXFileReference section */
		1C3EBD9A2129DBF100114045 /* Assets.xcassets */ = {isa = PBXFileReference; lastKnownFileType = folder.assetcatalog; path = Assets.xcassets; sourceTree = "<group>"; };
		1C3EBD9D2129DBF100114045 /* Base */ = {isa = PBXFileReference; lastKnownFileType = file.storyboard; name = Base; path = Base.lproj/LaunchScreen.storyboard; sourceTree = "<group>"; };
		1C3EBDA02129DBF100114045 /* AuthorInfoViewController.swift */ = {isa = PBXFileReference; fileEncoding = 4; lastKnownFileType = sourcecode.swift; path = AuthorInfoViewController.swift; sourceTree = "<group>"; };
		1C3EBDA22129DBF100114045 /* AboutViewController.swift */ = {isa = PBXFileReference; fileEncoding = 4; lastKnownFileType = sourcecode.swift; path = AboutViewController.swift; sourceTree = "<group>"; };
		1C3EBDA32129DBF100114045 /* Info.plist */ = {isa = PBXFileReference; fileEncoding = 4; lastKnownFileType = text.plist.xml; path = Info.plist; sourceTree = "<group>"; };
		1C3EBDB12129F7A500114045 /* BullsEye.html */ = {isa = PBXFileReference; lastKnownFileType = text.html; path = BullsEye.html; sourceTree = "<group>"; };
		1C6F1B832127D25D001EE271 /* BulllsEye.app */ = {isa = PBXFileReference; explicitFileType = wrapper.application; includeInIndex = 0; path = BulllsEye.app; sourceTree = BUILT_PRODUCTS_DIR; };
		1C6F1B862127D25D001EE271 /* AppDelegate.swift */ = {isa = PBXFileReference; lastKnownFileType = sourcecode.swift; path = AppDelegate.swift; sourceTree = "<group>"; };
		1C6F1B882127D25D001EE271 /* ViewController.swift */ = {isa = PBXFileReference; lastKnownFileType = sourcecode.swift; path = ViewController.swift; sourceTree = "<group>"; };
		1C6F1B8B2127D25D001EE271 /* Base */ = {isa = PBXFileReference; lastKnownFileType = file.storyboard; name = Base; path = Base.lproj/Main.storyboard; sourceTree = "<group>"; };
		1C6F1B972127D25D001EE271 /* BulllsEyeTests.xctest */ = {isa = PBXFileReference; explicitFileType = wrapper.cfbundle; includeInIndex = 0; path = BulllsEyeTests.xctest; sourceTree = BUILT_PRODUCTS_DIR; };
		1C6F1B9B2127D25D001EE271 /* BulllsEyeTests.swift */ = {isa = PBXFileReference; lastKnownFileType = sourcecode.swift; path = BulllsEyeTests.swift; sourceTree = "<group>"; };
		1C6F1B9D2127D25D001EE271 /* Info.plist */ = {isa = PBXFileReference; lastKnownFileType = text.plist.xml; path = Info.plist; sourceTree = "<group>"; };
/* End PBXFileReference section */

/* Begin PBXFrameworksBuildPhase section */
		1C6F1B802127D25D001EE271 /* Frameworks */ = {
			isa = PBXFrameworksBuildPhase;
			buildActionMask = 2147483647;
			files = (
			);
			runOnlyForDeploymentPostprocessing = 0;
		};
		1C6F1B942127D25D001EE271 /* Frameworks */ = {
			isa = PBXFrameworksBuildPhase;
			buildActionMask = 2147483647;
			files = (
			);
			runOnlyForDeploymentPostprocessing = 0;
		};
/* End PBXFrameworksBuildPhase section */

/* Begin PBXGroup section */
		1C6F1B7A2127D25C001EE271 = {
			isa = PBXGroup;
			children = (
				1C6F1B852127D25D001EE271 /* BulllsEye */,
				1C6F1B9A2127D25D001EE271 /* BulllsEyeTests */,
				1C6F1B842127D25D001EE271 /* Products */,
			);
			sourceTree = "<group>";
		};
		1C6F1B842127D25D001EE271 /* Products */ = {
			isa = PBXGroup;
			children = (
				1C6F1B832127D25D001EE271 /* BulllsEye.app */,
				1C6F1B972127D25D001EE271 /* BulllsEyeTests.xctest */,
			);
			name = Products;
			sourceTree = "<group>";
		};
		1C6F1B852127D25D001EE271 /* BulllsEye */ = {
			isa = PBXGroup;
			children = (
				1C6F1B862127D25D001EE271 /* AppDelegate.swift */,
				1C6F1B882127D25D001EE271 /* ViewController.swift */,
				1C3EBDB12129F7A500114045 /* BullsEye.html */,
				1C3EBDA22129DBF100114045 /* AboutViewController.swift */,
				1C6F1B8A2127D25D001EE271 /* Main.storyboard */,
				1C3EBDA02129DBF100114045 /* AuthorInfoViewController.swift */,
				1C3EBD9A2129DBF100114045 /* Assets.xcassets */,
				1C3EBD9C2129DBF100114045 /* LaunchScreen.storyboard */,
				1C3EBDA32129DBF100114045 /* Info.plist */,
			);
			path = BulllsEye;
			sourceTree = "<group>";
		};
		1C6F1B9A2127D25D001EE271 /* BulllsEyeTests */ = {
			isa = PBXGroup;
			children = (
				1C6F1B9B2127D25D001EE271 /* BulllsEyeTests.swift */,
				1C6F1B9D2127D25D001EE271 /* Info.plist */,
			);
			path = BulllsEyeTests;
			sourceTree = "<group>";
		};
/* End PBXGroup section */

/* Begin PBXNativeTarget section */
		1C6F1B822127D25D001EE271 /* BulllsEye */ = {
			isa = PBXNativeTarget;
			buildConfigurationList = 1C6F1BA02127D25D001EE271 /* Build configuration list for PBXNativeTarget "BulllsEye" */;
			buildPhases = (
				1C6F1B7F2127D25D001EE271 /* Sources */,
				1C6F1B802127D25D001EE271 /* Frameworks */,
				1C6F1B812127D25D001EE271 /* Resources */,
			);
			buildRules = (
			);
			dependencies = (
			);
			name = BulllsEye;
			productName = BulllsEye;
			productReference = 1C6F1B832127D25D001EE271 /* BulllsEye.app */;
			productType = "com.apple.product-type.application";
		};
		1C6F1B962127D25D001EE271 /* BulllsEyeTests */ = {
			isa = PBXNativeTarget;
			buildConfigurationList = 1C6F1BA32127D25D001EE271 /* Build configuration list for PBXNativeTarget "BulllsEyeTests" */;
			buildPhases = (
				1C6F1B932127D25D001EE271 /* Sources */,
				1C6F1B942127D25D001EE271 /* Frameworks */,
				1C6F1B952127D25D001EE271 /* Resources */,
			);
			buildRules = (
			);
			dependencies = (
				1C6F1B992127D25D001EE271 /* PBXTargetDependency */,
			);
			name = BulllsEyeTests;
			productName = BulllsEyeTests;
			productReference = 1C6F1B972127D25D001EE271 /* BulllsEyeTests.xctest */;
			productType = "com.apple.product-type.bundle.unit-test";
		};
/* End PBXNativeTarget section */

/* Begin PBXProject section */
		1C6F1B7B2127D25C001EE271 /* Project object */ = {
			isa = PBXProject;
			attributes = {
				LastSwiftUpdateCheck = 0940;
				LastUpgradeCheck = 0940;
				ORGANIZATIONNAME = RNWolter;
				TargetAttributes = {
					1C6F1B822127D25D001EE271 = {
						CreatedOnToolsVersion = 9.4.1;
					};
					1C6F1B962127D25D001EE271 = {
						CreatedOnToolsVersion = 9.4.1;
						TestTargetID = 1C6F1B822127D25D001EE271;
					};
				};
			};
			buildConfigurationList = 1C6F1B7E2127D25C001EE271 /* Build configuration list for PBXProject "BulllsEye" */;
			compatibilityVersion = "Xcode 9.3";
			developmentRegion = en;
			hasScannedForEncodings = 0;
			knownRegions = (
				en,
				Base,
			);
			mainGroup = 1C6F1B7A2127D25C001EE271;
			productRefGroup = 1C6F1B842127D25D001EE271 /* Products */;
			projectDirPath = "";
			projectRoot = "";
			targets = (
				1C6F1B822127D25D001EE271 /* BulllsEye */,
				1C6F1B962127D25D001EE271 /* BulllsEyeTests */,
			);
		};
/* End PBXProject section */

/* Begin PBXResourcesBuildPhase section */
		1C6F1B812127D25D001EE271 /* Resources */ = {
			isa = PBXResourcesBuildPhase;
			buildActionMask = 2147483647;
			files = (
				1C3EBDC92129F90400114045 /* BullsEye.html in Resources */,
				1C3EBDAC2129DBF100114045 /* Info.plist in Resources */,
				1C3EBDA72129DBF100114045 /* LaunchScreen.storyboard in Resources */,
				1C6F1B8C2127D25D001EE271 /* Main.storyboard in Resources */,
				1C3EBDA52129DBF100114045 /* Assets.xcassets in Resources */,
			);
			runOnlyForDeploymentPostprocessing = 0;
		};
		1C6F1B952127D25D001EE271 /* Resources */ = {
			isa = PBXResourcesBuildPhase;
			buildActionMask = 2147483647;
			files = (
			);
			runOnlyForDeploymentPostprocessing = 0;
		};
/* End PBXResourcesBuildPhase section */

/* Begin PBXSourcesBuildPhase section */
		1C6F1B7F2127D25D001EE271 /* Sources */ = {
			isa = PBXSourcesBuildPhase;
			buildActionMask = 2147483647;
			files = (
				1C3EBDA92129DBF100114045 /* AuthorInfoViewController.swift in Sources */,
				1C6F1B892127D25D001EE271 /* ViewController.swift in Sources */,
				1C6F1B872127D25D001EE271 /* AppDelegate.swift in Sources */,
				1C3EBDAB2129DBF100114045 /* AboutViewController.swift in Sources */,
			);
			runOnlyForDeploymentPostprocessing = 0;
		};
		1C6F1B932127D25D001EE271 /* Sources */ = {
			isa = PBXSourcesBuildPhase;
			buildActionMask = 2147483647;
			files = (
				1C6F1B9C2127D25D001EE271 /* BulllsEyeTests.swift in Sources */,
			);
			runOnlyForDeploymentPostprocessing = 0;
		};
/* End PBXSourcesBuildPhase section */

/* Begin PBXTargetDependency section */
		1C6F1B992127D25D001EE271 /* PBXTargetDependency */ = {
			isa = PBXTargetDependency;
			target = 1C6F1B822127D25D001EE271 /* BulllsEye */;
			targetProxy = 1C6F1B982127D25D001EE271 /* PBXContainerItemProxy */;
		};
/* End PBXTargetDependency section */

/* Begin PBXVariantGroup section */
		1C3EBD9C2129DBF100114045 /* LaunchScreen.storyboard */ = {
			isa = PBXVariantGroup;
			children = (
				1C3EBD9D2129DBF100114045 /* Base */,
			);
			name = LaunchScreen.storyboard;
			sourceTree = "<group>";
		};
		1C6F1B8A2127D25D001EE271 /* Main.storyboard */ = {
			isa = PBXVariantGroup;
			children = (
				1C6F1B8B2127D25D001EE271 /* Base */,
			);
			name = Main.storyboard;
			sourceTree = "<group>";
		};
/* End PBXVariantGroup section */

/* Begin XCBuildConfiguration section */
		1C6F1B9E2127D25D001EE271 /* Debug */ = {
			isa = XCBuildConfiguration;
			buildSettings = {
				ALWAYS_SEARCH_USER_PATHS = NO;
				CLANG_ANALYZER_NONNULL = YES;
				CLANG_ANALYZER_NUMBER_OBJECT_CONVERSION = YES_AGGRESSIVE;
				CLANG_CXX_LANGUAGE_STANDARD = "gnu++14";
				CLANG_CXX_LIBRARY = "libc++";
				CLANG_ENABLE_MODULES = YES;
				CLANG_ENABLE_OBJC_ARC = YES;
				CLANG_ENABLE_OBJC_WEAK = YES;
				CLANG_WARN_BLOCK_CAPTURE_AUTORELEASING = YES;
				CLANG_WARN_BOOL_CONVERSION = YES;
				CLANG_WARN_COMMA = YES;
				CLANG_WARN_CONSTANT_CONVERSION = YES;
				CLANG_WARN_DEPRECATED_OBJC_IMPLEMENTATIONS = YES;
				CLANG_WARN_DIRECT_OBJC_ISA_USAGE = YES_ERROR;
				CLANG_WARN_DOCUMENTATION_COMMENTS = YES;
				CLANG_WARN_EMPTY_BODY = YES;
				CLANG_WARN_ENUM_CONVERSION = YES;
				CLANG_WARN_INFINITE_RECURSION = YES;
				CLANG_WARN_INT_CONVERSION = YES;
				CLANG_WARN_NON_LITERAL_NULL_CONVERSION = YES;
				CLANG_WARN_OBJC_IMPLICIT_RETAIN_SELF = YES;
				CLANG_WARN_OBJC_LITERAL_CONVERSION = YES;
				CLANG_WARN_OBJC_ROOT_CLASS = YES_ERROR;
				CLANG_WARN_RANGE_LOOP_ANALYSIS = YES;
				CLANG_WARN_STRICT_PROTOTYPES = YES;
				CLANG_WARN_SUSPICIOUS_MOVE = YES;
				CLANG_WARN_UNGUARDED_AVAILABILITY = YES_AGGRESSIVE;
				CLANG_WARN_UNREACHABLE_CODE = YES;
				CLANG_WARN__DUPLICATE_METHOD_MATCH = YES;
				CODE_SIGN_IDENTITY = "iPhone Developer";
				COPY_PHASE_STRIP = NO;
				DEBUG_INFORMATION_FORMAT = dwarf;
				ENABLE_STRICT_OBJC_MSGSEND = YES;
				ENABLE_TESTABILITY = YES;
				GCC_C_LANGUAGE_STANDARD = gnu11;
				GCC_DYNAMIC_NO_PIC = NO;
				GCC_NO_COMMON_BLOCKS = YES;
				GCC_OPTIMIZATION_LEVEL = 0;
				GCC_PREPROCESSOR_DEFINITIONS = (
					"DEBUG=1",
					"$(inherited)",
				);
				GCC_WARN_64_TO_32_BIT_CONVERSION = YES;
				GCC_WARN_ABOUT_RETURN_TYPE = YES_ERROR;
				GCC_WARN_UNDECLARED_SELECTOR = YES;
				GCC_WARN_UNINITIALIZED_AUTOS = YES_AGGRESSIVE;
				GCC_WARN_UNUSED_FUNCTION = YES;
				GCC_WARN_UNUSED_VARIABLE = YES;
				IPHONEOS_DEPLOYMENT_TARGET = 11.4;
				MTL_ENABLE_DEBUG_INFO = YES;
				ONLY_ACTIVE_ARCH = YES;
				SDKROOT = iphoneos;
				SWIFT_ACTIVE_COMPILATION_CONDITIONS = DEBUG;
				SWIFT_OPTIMIZATION_LEVEL = "-Onone";
			};
			name = Debug;
		};
		1C6F1B9F2127D25D001EE271 /* Release */ = {
			isa = XCBuildConfiguration;
			buildSettings = {
				ALWAYS_SEARCH_USER_PATHS = NO;
				CLANG_ANALYZER_NONNULL = YES;
				CLANG_ANALYZER_NUMBER_OBJECT_CONVERSION = YES_AGGRESSIVE;
				CLANG_CXX_LANGUAGE_STANDARD = "gnu++14";
				CLANG_CXX_LIBRARY = "libc++";
				CLANG_ENABLE_MODULES = YES;
				CLANG_ENABLE_OBJC_ARC = YES;
				CLANG_ENABLE_OBJC_WEAK = YES;
				CLANG_WARN_BLOCK_CAPTURE_AUTORELEASING = YES;
				CLANG_WARN_BOOL_CONVERSION = YES;
				CLANG_WARN_COMMA = YES;
				CLANG_WARN_CONSTANT_CONVERSION = YES;
				CLANG_WARN_DEPRECATED_OBJC_IMPLEMENTATIONS = YES;
				CLANG_WARN_DIRECT_OBJC_ISA_USAGE = YES_ERROR;
				CLANG_WARN_DOCUMENTATION_COMMENTS = YES;
				CLANG_WARN_EMPTY_BODY = YES;
				CLANG_WARN_ENUM_CONVERSION = YES;
				CLANG_WARN_INFINITE_RECURSION = YES;
				CLANG_WARN_INT_CONVERSION = YES;
				CLANG_WARN_NON_LITERAL_NULL_CONVERSION = YES;
				CLANG_WARN_OBJC_IMPLICIT_RETAIN_SELF = YES;
				CLANG_WARN_OBJC_LITERAL_CONVERSION = YES;
				CLANG_WARN_OBJC_ROOT_CLASS = YES_ERROR;
				CLANG_WARN_RANGE_LOOP_ANALYSIS = YES;
				CLANG_WARN_STRICT_PROTOTYPES = YES;
				CLANG_WARN_SUSPICIOUS_MOVE = YES;
				CLANG_WARN_UNGUARDED_AVAILABILITY = YES_AGGRESSIVE;
				CLANG_WARN_UNREACHABLE_CODE = YES;
				CLANG_WARN__DUPLICATE_METHOD_MATCH = YES;
				CODE_SIGN_IDENTITY = "iPhone Developer";
				COPY_PHASE_STRIP = NO;
				DEBUG_INFORMATION_FORMAT = "dwarf-with-dsym";
				ENABLE_NS_ASSERTIONS = NO;
				ENABLE_STRICT_OBJC_MSGSEND = YES;
				GCC_C_LANGUAGE_STANDARD = gnu11;
				GCC_NO_COMMON_BLOCKS = YES;
				GCC_WARN_64_TO_32_BIT_CONVERSION = YES;
				GCC_WARN_ABOUT_RETURN_TYPE = YES_ERROR;
				GCC_WARN_UNDECLARED_SELECTOR = YES;
				GCC_WARN_UNINITIALIZED_AUTOS = YES_AGGRESSIVE;
				GCC_WARN_UNUSED_FUNCTION = YES;
				GCC_WARN_UNUSED_VARIABLE = YES;
				IPHONEOS_DEPLOYMENT_TARGET = 11.4;
				MTL_ENABLE_DEBUG_INFO = NO;
				SDKROOT = iphoneos;
				SWIFT_COMPILATION_MODE = wholemodule;
				SWIFT_OPTIMIZATION_LEVEL = "-O";
				VALIDATE_PRODUCT = YES;
			};
			name = Release;
		};
		1C6F1BA12127D25D001EE271 /* Debug */ = {
			isa = XCBuildConfiguration;
			buildSettings = {
				ASSETCATALOG_COMPILER_APPICON_NAME = AppIcon;
				CODE_SIGN_STYLE = Automatic;
				DEVELOPMENT_TEAM = 56A3CKG4X2;
				INFOPLIST_FILE = BulllsEye/Info.plist;
				LD_RUNPATH_SEARCH_PATHS = (
					"$(inherited)",
					"@executable_path/Frameworks",
				);
				PRODUCT_BUNDLE_IDENTIFIER = com.RNWolter.BulllsEye;
				PRODUCT_NAME = "$(TARGET_NAME)";
				SWIFT_VERSION = 4.0;
				TARGETED_DEVICE_FAMILY = "1,2";
			};
			name = Debug;
		};
		1C6F1BA22127D25D001EE271 /* Release */ = {
			isa = XCBuildConfiguration;
			buildSettings = {
				ASSETCATALOG_COMPILER_APPICON_NAME = AppIcon;
				CODE_SIGN_STYLE = Automatic;
				DEVELOPMENT_TEAM = 56A3CKG4X2;
				INFOPLIST_FILE = BulllsEye/Info.plist;
				LD_RUNPATH_SEARCH_PATHS = (
					"$(inherited)",
					"@executable_path/Frameworks",
				);
				PRODUCT_BUNDLE_IDENTIFIER = com.RNWolter.BulllsEye;
				PRODUCT_NAME = "$(TARGET_NAME)";
				SWIFT_VERSION = 4.0;
				TARGETED_DEVICE_FAMILY = "1,2";
			};
			name = Release;
		};
		1C6F1BA42127D25D001EE271 /* Debug */ = {
			isa = XCBuildConfiguration;
			buildSettings = {
				ALWAYS_EMBED_SWIFT_STANDARD_LIBRARIES = YES;
				BUNDLE_LOADER = "$(TEST_HOST)";
				CODE_SIGN_STYLE = Automatic;
				INFOPLIST_FILE = BulllsEyeTests/Info.plist;
				LD_RUNPATH_SEARCH_PATHS = (
					"$(inherited)",
					"@executable_path/Frameworks",
					"@loader_path/Frameworks",
				);
				PRODUCT_BUNDLE_IDENTIFIER = com.RNWolter.BulllsEyeTests;
				PRODUCT_NAME = "$(TARGET_NAME)";
				SWIFT_VERSION = 4.0;
				TARGETED_DEVICE_FAMILY = "1,2";
				TEST_HOST = "$(BUILT_PRODUCTS_DIR)/BulllsEye.app/BulllsEye";
			};
			name = Debug;
		};
		1C6F1BA52127D25D001EE271 /* Release */ = {
			isa = XCBuildConfiguration;
			buildSettings = {
				ALWAYS_EMBED_SWIFT_STANDARD_LIBRARIES = YES;
				BUNDLE_LOADER = "$(TEST_HOST)";
				CODE_SIGN_STYLE = Automatic;
				INFOPLIST_FILE = BulllsEyeTests/Info.plist;
				LD_RUNPATH_SEARCH_PATHS = (
					"$(inherited)",
					"@executable_path/Frameworks",
					"@loader_path/Frameworks",
				);
				PRODUCT_BUNDLE_IDENTIFIER = com.RNWolter.BulllsEyeTests;
				PRODUCT_NAME = "$(TARGET_NAME)";
				SWIFT_VERSION = 4.0;
				TARGETED_DEVICE_FAMILY = "1,2";
				TEST_HOST = "$(BUILT_PRODUCTS_DIR)/BulllsEye.app/BulllsEye";
			};
			name = Release;
		};
/* End XCBuildConfiguration section */

/* Begin XCConfigurationList section */
		1C6F1B7E2127D25C001EE271 /* Build configuration list for PBXProject "BulllsEye" */ = {
			isa = XCConfigurationList;
			buildConfigurations = (
				1C6F1B9E2127D25D001EE271 /* Debug */,
				1C6F1B9F2127D25D001EE271 /* Release */,
			);
			defaultConfigurationIsVisible = 0;
			defaultConfigurationName = Release;
		};
		1C6F1BA02127D25D001EE271 /* Build configuration list for PBXNativeTarget "BulllsEye" */ = {
			isa = XCConfigurationList;
			buildConfigurations = (
				1C6F1BA12127D25D001EE271 /* Debug */,
				1C6F1BA22127D25D001EE271 /* Release */,
			);
			defaultConfigurationIsVisible = 0;
			defaultConfigurationName = Release;
		};
		1C6F1BA32127D25D001EE271 /* Build configuration list for PBXNativeTarget "BulllsEyeTests" */ = {
			isa = XCConfigurationList;
			buildConfigurations = (
				1C6F1BA42127D25D001EE271 /* Debug */,
				1C6F1BA52127D25D001EE271 /* Release */,
			);
			defaultConfigurationIsVisible = 0;
			defaultConfigurationName = Release;
		};
/* End XCConfigurationList section */
	};
	rootObject = 1C6F1B7B2127D25C001EE271 /* Project object */;
}
